
Microsoft Visual Studio Solution File, Format Version 12.00
# Visual Studio Version 16
VisualStudioVersion = 16.0.30413.136
MinimumVisualStudioVersion = 15.0.26124.0
Project("{2150E333-8FDC-42A3-9474-1A3956D46DE8}") = "src", "src", "{24AA2878-3FF4-4993-AE64-B195C6A542EF}"
EndProject
Project("{9A19103F-16F7-4668-BE54-9A1E7A4F7556}") = "yunit", "src\yunit\yunit.csproj", "{5E21F930-E042-41CA-8160-F61A7CD2DFCE}"
EndProject
Project("{2150E333-8FDC-42A3-9474-1A3956D46DE8}") = "test", "test", "{56CD5FD8-E64E-43E1-AF5B-20B39815600E}"
EndProject
Project("{9A19103F-16F7-4668-BE54-9A1E7A4F7556}") = "yunit.test", "test\yunit.test\yunit.test.csproj", "{547176B9-D893-4781-B09F-C2746C9DEACD}"
EndProject
Project("{9A19103F-16F7-4668-BE54-9A1E7A4F7556}") = "yunit.nuget.test", "test\yunit.nuget.test\yunit.nuget.test.csproj", "{4BE5C53D-C355-49F2-AB6E-C528E2A26683}"
EndProject
Global
	GlobalSection(SolutionConfigurationPlatforms) = preSolution
		Debug|Any CPU = Debug|Any CPU
		Debug|x64 = Debug|x64
		Debug|x86 = Debug|x86
		Release|Any CPU = Release|Any CPU
		Release|x64 = Release|x64
		Release|x86 = Release|x86
	EndGlobalSection
	GlobalSection(ProjectConfigurationPlatforms) = postSolution
		{5E21F930-E042-41CA-8160-F61A7CD2DFCE}.Debug|Any CPU.ActiveCfg = Debug|Any CPU
		{5E21F930-E042-41CA-8160-F61A7CD2DFCE}.Debug|Any CPU.Build.0 = Debug|Any CPU
		{5E21F930-E042-41CA-8160-F61A7CD2DFCE}.Debug|x64.ActiveCfg = Debug|Any CPU
		{5E21F930-E042-41CA-8160-F61A7CD2DFCE}.Debug|x64.Build.0 = Debug|Any CPU
		{5E21F930-E042-41CA-8160-F61A7CD2DFCE}.Debug|x86.ActiveCfg = Debug|Any CPU
		{5E21F930-E042-41CA-8160-F61A7CD2DFCE}.Debug|x86.Build.0 = Debug|Any CPU
		{5E21F930-E042-41CA-8160-F61A7CD2DFCE}.Release|Any CPU.ActiveCfg = Release|Any CPU
		{5E21F930-E042-41CA-8160-F61A7CD2DFCE}.Release|Any CPU.Build.0 = Release|Any CPU
		{5E21F930-E042-41CA-8160-F61A7CD2DFCE}.Release|x64.ActiveCfg = Release|Any CPU
		{5E21F930-E042-41CA-8160-F61A7CD2DFCE}.Release|x64.Build.0 = Release|Any CPU
		{5E21F930-E042-41CA-8160-F61A7CD2DFCE}.Release|x86.ActiveCfg = Release|Any CPU
		{5E21F930-E042-41CA-8160-F61A7CD2DFCE}.Release|x86.Build.0 = Release|Any CPU
		{547176B9-D893-4781-B09F-C2746C9DEACD}.Debug|Any CPU.ActiveCfg = Debug|Any CPU
		{547176B9-D893-4781-B09F-C2746C9DEACD}.Debug|Any CPU.Build.0 = Debug|Any CPU
		{547176B9-D893-4781-B09F-C2746C9DEACD}.Debug|x64.ActiveCfg = Debug|Any CPU
		{547176B9-D893-4781-B09F-C2746C9DEACD}.Debug|x64.Build.0 = Debug|Any CPU
		{547176B9-D893-4781-B09F-C2746C9DEACD}.Debug|x86.ActiveCfg = Debug|Any CPU
		{547176B9-D893-4781-B09F-C2746C9DEACD}.Debug|x86.Build.0 = Debug|Any CPU
		{547176B9-D893-4781-B09F-C2746C9DEACD}.Release|Any CPU.ActiveCfg = Release|Any CPU
		{547176B9-D893-4781-B09F-C2746C9DEACD}.Release|Any CPU.Build.0 = Release|Any CPU
		{547176B9-D893-4781-B09F-C2746C9DEACD}.Release|x64.ActiveCfg = Release|Any CPU
		{547176B9-D893-4781-B09F-C2746C9DEACD}.Release|x64.Build.0 = Release|Any CPU
		{547176B9-D893-4781-B09F-C2746C9DEACD}.Release|x86.ActiveCfg = Release|Any CPU
		{547176B9-D893-4781-B09F-C2746C9DEACD}.Release|x86.Build.0 = Release|Any CPU
		{4BE5C53D-C355-49F2-AB6E-C528E2A26683}.Debug|Any CPU.ActiveCfg = Debug|Any CPU
		{4BE5C53D-C355-49F2-AB6E-C528E2A26683}.Debug|Any CPU.Build.0 = Debug|Any CPU
		{4BE5C53D-C355-49F2-AB6E-C528E2A26683}.Debug|x64.ActiveCfg = Debug|Any CPU
		{4BE5C53D-C355-49F2-AB6E-C528E2A26683}.Debug|x64.Build.0 = Debug|Any CPU
		{4BE5C53D-C355-49F2-AB6E-C528E2A26683}.Debug|x86.ActiveCfg = Debug|Any CPU
		{4BE5C53D-C355-49F2-AB6E-C528E2A26683}.Debug|x86.Build.0 = Debug|Any CPU
		{4BE5C53D-C355-49F2-AB6E-C528E2A26683}.Release|Any CPU.ActiveCfg = Release|Any CPU
		{4BE5C53D-C355-49F2-AB6E-C528E2A26683}.Release|Any CPU.Build.0 = Release|Any CPU
		{4BE5C53D-C355-49F2-AB6E-C528E2A26683}.Release|x64.ActiveCfg = Release|Any CPU
		{4BE5C53D-C355-49F2-AB6E-C528E2A26683}.Release|x64.Build.0 = Release|Any CPU
		{4BE5C53D-C355-49F2-AB6E-C528E2A26683}.Release|x86.ActiveCfg = Release|Any CPU
		{4BE5C53D-C355-49F2-AB6E-C528E2A26683}.Release|x86.Build.0 = Release|Any CPU
	EndGlobalSection
	GlobalSection(SolutionProperties) = preSolution
		HideSolutionNode = FALSE
	EndGlobalSection
	GlobalSection(NestedProjects) = preSolution
		{5E21F930-E042-41CA-8160-F61A7CD2DFCE} = {24AA2878-3FF4-4993-AE64-B195C6A542EF}
		{547176B9-D893-4781-B09F-C2746C9DEACD} = {56CD5FD8-E64E-43E1-AF5B-20B39815600E}
		{4BE5C53D-C355-49F2-AB6E-C528E2A26683} = {56CD5FD8-E64E-43E1-AF5B-20B39815600E}
	EndGlobalSection
	GlobalSection(ExtensibilityGlobals) = postSolution
		SolutionGuid = {59B8CB88-3464-4D05-A6DB-DFBCD6264F66}
	EndGlobalSection
EndGlobal
