
Microsoft Visual Studio Solution File, Format Version 12.00
# Visual Studio Version 16
VisualStudioVersion = 16.0.29306.81
MinimumVisualStudioVersion = 15.0.26124.0
Project("{9A19103F-16F7-4668-BE54-9A1E7A4F7556}") = "1-hello", "1-hello\1-hello.csproj", "{270389C9-3011-41FA-900D-8A3E741866D8}"
EndProject
Project("{9A19103F-16F7-4668-BE54-9A1E7A4F7556}") = "2-json-diff", "2-json-diff\2-json-diff.csproj", "{EC714FA3-FE1E-4EEC-923D-1362F769AF33}"
EndProject
Project("{9A19103F-16F7-4668-BE54-9A1E7A4F7556}") = "3-aspnetcore", "3-aspnetcore\3-aspnetcore.csproj", "{CBFFDAE5-6C18-4A17-BC7C-C58DBE557B2A}"
EndProject
Project("{9A19103F-16F7-4668-BE54-9A1E7A4F7556}") = "3-aspnetcore-test", "3-aspnetcore-test\3-aspnetcore-test.csproj", "{D04EC42E-1DAE-427A-A9A6-934DAC7DEDF5}"
EndProject
Global
	GlobalSection(SolutionConfigurationPlatforms) = preSolution
		Debug|Any CPU = Debug|Any CPU
		Release|Any CPU = Release|Any CPU
	EndGlobalSection
	GlobalSection(ProjectConfigurationPlatforms) = postSolution
		{270389C9-3011-41FA-900D-8A3E741866D8}.Debug|Any CPU.ActiveCfg = Debug|Any CPU
		{270389C9-3011-41FA-900D-8A3E741866D8}.Debug|Any CPU.Build.0 = Debug|Any CPU
		{270389C9-3011-41FA-900D-8A3E741866D8}.Release|Any CPU.ActiveCfg = Release|Any CPU
		{270389C9-3011-41FA-900D-8A3E741866D8}.Release|Any CPU.Build.0 = Release|Any CPU
		{EC714FA3-FE1E-4EEC-923D-1362F769AF33}.Debug|Any CPU.ActiveCfg = Debug|Any CPU
		{EC714FA3-FE1E-4EEC-923D-1362F769AF33}.Debug|Any CPU.Build.0 = Debug|Any CPU
		{EC714FA3-FE1E-4EEC-923D-1362F769AF33}.Release|Any CPU.ActiveCfg = Release|Any CPU
		{EC714FA3-FE1E-4EEC-923D-1362F769AF33}.Release|Any CPU.Build.0 = Release|Any CPU
		{CBFFDAE5-6C18-4A17-BC7C-C58DBE557B2A}.Debug|Any CPU.ActiveCfg = Debug|Any CPU
		{CBFFDAE5-6C18-4A17-BC7C-C58DBE557B2A}.Debug|Any CPU.Build.0 = Debug|Any CPU
		{CBFFDAE5-6C18-4A17-BC7C-C58DBE557B2A}.Release|Any CPU.ActiveCfg = Release|Any CPU
		{CBFFDAE5-6C18-4A17-BC7C-C58DBE557B2A}.Release|Any CPU.Build.0 = Release|Any CPU
		{D04EC42E-1DAE-427A-A9A6-934DAC7DEDF5}.Debug|Any CPU.ActiveCfg = Debug|Any CPU
		{D04EC42E-1DAE-427A-A9A6-934DAC7DEDF5}.Debug|Any CPU.Build.0 = Debug|Any CPU
		{D04EC42E-1DAE-427A-A9A6-934DAC7DEDF5}.Release|Any CPU.ActiveCfg = Release|Any CPU
		{D04EC42E-1DAE-427A-A9A6-934DAC7DEDF5}.Release|Any CPU.Build.0 = Release|Any CPU
	EndGlobalSection
	GlobalSection(SolutionProperties) = preSolution
		HideSolutionNode = FALSE
	EndGlobalSection
	GlobalSection(ExtensibilityGlobals) = postSolution
		SolutionGuid = {C424262D-A40D-4338-8F6E-A4DBF170877D}
	EndGlobalSection
EndGlobal
